
Microsoft Visual Studio Solution File, Format Version 12.00
# Visual Studio Version 16
VisualStudioVersion = 16.0.31112.23
MinimumVisualStudioVersion = 10.0.40219.1
Project("{FAE04EC0-301F-11D3-BF4B-00C04F79EFBC}") = "Tarea_03", "Tarea_03\Tarea_03.csproj", "{787D20DA-8CFC-4AE9-A0BB-CF747C48815C}"
EndProject
Global
	GlobalSection(SolutionConfigurationPlatforms) = preSolution
		Debug|Any CPU = Debug|Any CPU
		Release|Any CPU = Release|Any CPU
	EndGlobalSection
	GlobalSection(ProjectConfigurationPlatforms) = postSolution
		{787D20DA-8CFC-4AE9-A0BB-CF747C48815C}.Debug|Any CPU.ActiveCfg = Debug|Any CPU
		{787D20DA-8CFC-4AE9-A0BB-CF747C48815C}.Debug|Any CPU.Build.0 = Debug|Any CPU
		{787D20DA-8CFC-4AE9-A0BB-CF747C48815C}.Release|Any CPU.ActiveCfg = Release|Any CPU
		{787D20DA-8CFC-4AE9-A0BB-CF747C48815C}.Release|Any CPU.Build.0 = Release|Any CPU
	EndGlobalSection
	GlobalSection(SolutionProperties) = preSolution
		HideSolutionNode = FALSE
	EndGlobalSection
	GlobalSection(ExtensibilityGlobals) = postSolution
		SolutionGuid = {01DCE701-0DBA-4BC1-8A58-35E0CEE88A76}
	EndGlobalSection
EndGlobal
